
Microsoft Visual Studio Solution File, Format Version 12.00
# Visual Studio Version 16
VisualStudioVersion = 16.0.30804.86
MinimumVisualStudioVersion = 10.0.40219.1
Project("{FAE04EC0-301F-11D3-BF4B-00C04F79EFBC}") = "Interfaces", "Interfaces\Interfaces.csproj", "{DF6F470C-61AF-4501-B78F-1071B8F436F0}"
EndProject
Global
	GlobalSection(SolutionConfigurationPlatforms) = preSolution
		Debug|Any CPU = Debug|Any CPU
		Release|Any CPU = Release|Any CPU
	EndGlobalSection
	GlobalSection(ProjectConfigurationPlatforms) = postSolution
		{DF6F470C-61AF-4501-B78F-1071B8F436F0}.Debug|Any CPU.ActiveCfg = Debug|Any CPU
		{DF6F470C-61AF-4501-B78F-1071B8F436F0}.Debug|Any CPU.Build.0 = Debug|Any CPU
		{DF6F470C-61AF-4501-B78F-1071B8F436F0}.Release|Any CPU.ActiveCfg = Release|Any CPU
		{DF6F470C-61AF-4501-B78F-1071B8F436F0}.Release|Any CPU.Build.0 = Release|Any CPU
	EndGlobalSection
	GlobalSection(SolutionProperties) = preSolution
		HideSolutionNode = FALSE
	EndGlobalSection
	GlobalSection(ExtensibilityGlobals) = postSolution
		SolutionGuid = {E761D8FB-094B-4648-99C4-F483CEA9FFBF}
	EndGlobalSection
EndGlobal
